
Microsoft Visual Studio Solution File, Format Version 12.00
# Visual Studio Version 17
VisualStudioVersion = 17.14.36203.30
MinimumVisualStudioVersion = 10.0.40219.1
Project("{8BC9CEB8-8B4A-11D0-8D11-00A0C91BC942}") = "Exercicio2", "Exercicio2\Exercicio2.vcxproj", "{38BA4E8D-502C-4B0E-96CB-0C440E95E204}"
EndProject
Project("{8BC9CEB8-8B4A-11D0-8D11-00A0C91BC942}") = "Exercicio", "Exercicio\Exercicio.vcxproj", "{6B9C5DBB-539B-4BE9-87B8-61BEFE58FE6B}"
EndProject
Project("{8BC9CEB8-8B4A-11D0-8D11-00A0C91BC942}") = "Exercicio4", "Exercicio4\Exercicio4.vcxproj", "{80D39133-0A61-4A58-B6D2-B71362EB5ADF}"
EndProject
Project("{8BC9CEB8-8B4A-11D0-8D11-00A0C91BC942}") = "Exercicio5", "Exercicio5\Exercicio5.vcxproj", "{EB02D2AF-3042-4C3E-8335-18477B453F19}"
EndProject
Project("{8BC9CEB8-8B4A-11D0-8D11-00A0C91BC942}") = "Exercicio6", "Exercicio6\Exercicio6.vcxproj", "{862304EF-44B1-45E7-8ACA-4E3FC78B88FF}"
EndProject
Project("{8BC9CEB8-8B4A-11D0-8D11-00A0C91BC942}") = "Exercicio7", "Exercicio7\Exercicio7.vcxproj", "{09B77BDE-BAD8-4E2D-AADB-13DA08CB1141}"
EndProject
Project("{8BC9CEB8-8B4A-11D0-8D11-00A0C91BC942}") = "Exercicio8", "Exercicio8\Exercicio8.vcxproj", "{44D729B1-4593-4F7D-B16D-38B0AB25DC22}"
EndProject
Project("{8BC9CEB8-8B4A-11D0-8D11-00A0C91BC942}") = "Exercicio9", "Exercicio9\Exercicio9.vcxproj", "{5CF886AA-15B1-4FD5-9FF4-AE77AAA78EC6}"
EndProject
Project("{8BC9CEB8-8B4A-11D0-8D11-00A0C91BC942}") = "Exercicio10", "Exercicio10\Exercicio10.vcxproj", "{1A913AF4-5357-4D34-B417-E4D8964F7DB8}"
EndProject
Project("{8BC9CEB8-8B4A-11D0-8D11-00A0C91BC942}") = "Exercicio11", "Exercicio11\Exercicio11.vcxproj", "{1FA4B41E-A418-4657-A40A-5381667949AE}"
EndProject
Project("{8BC9CEB8-8B4A-11D0-8D11-00A0C91BC942}") = "Exercicio12", "Exercicio12\Exercicio12.vcxproj", "{AE9A6A0B-E4DE-4E9E-AD92-C07EB97B6C47}"
EndProject
Project("{8BC9CEB8-8B4A-11D0-8D11-00A0C91BC942}") = "Exercicio13", "Exercicio13\Exercicio13.vcxproj", "{4A9B01AF-58F3-44F8-99CF-EC6ADBA6619A}"
EndProject
Project("{8BC9CEB8-8B4A-11D0-8D11-00A0C91BC942}") = "Exercicio14", "Exercicio14\Exercicio14.vcxproj", "{E2E09916-EAAF-40B0-B61E-B0BB7B08DB7B}"
EndProject
Project("{8BC9CEB8-8B4A-11D0-8D11-00A0C91BC942}") = "Exercicio15", "Exercicio15\Exercicio15.vcxproj", "{ECCF5FD1-CC87-4467-AC42-98745739D595}"
EndProject
Project("{8BC9CEB8-8B4A-11D0-8D11-00A0C91BC942}") = "Exercicio16", "Exercicio16\Exercicio16.vcxproj", "{264DC230-A7C4-481B-8F49-77C5BB81280A}"
EndProject
Project("{8BC9CEB8-8B4A-11D0-8D11-00A0C91BC942}") = "Exercicio17", "Exercicio17\Exercicio17.vcxproj", "{D6ECD2D9-C084-40C8-B21D-36C3A4957AE1}"
EndProject
Project("{8BC9CEB8-8B4A-11D0-8D11-00A0C91BC942}") = "Exercicio18", "Exercicio18\Exercicio18.vcxproj", "{2C3BB204-CC13-44E5-9977-19D9952A659A}"
EndProject
Project("{8BC9CEB8-8B4A-11D0-8D11-00A0C91BC942}") = "Exercicio19", "Exercicio19\Exercicio19.vcxproj", "{32E5278F-D6C4-45AA-971D-98C72D2B7A48}"
EndProject
Project("{8BC9CEB8-8B4A-11D0-8D11-00A0C91BC942}") = "Exercicio20", "Exercicio20\Exercicio20.vcxproj", "{7A29A631-7CA7-4BD7-B9D3-8928C56D21A9}"
EndProject
Project("{8BC9CEB8-8B4A-11D0-8D11-00A0C91BC942}") = "Exercicio21", "Exercicio21\Exercicio21.vcxproj", "{CD46BD7E-09B2-4889-A8C7-C1DD128EFD28}"
EndProject
Project("{8BC9CEB8-8B4A-11D0-8D11-00A0C91BC942}") = "Exercicio22", "Exercicio22\Exercicio22.vcxproj", "{A13576EA-00E7-4C53-81EB-4D94532BFAB7}"
EndProject
Project("{8BC9CEB8-8B4A-11D0-8D11-00A0C91BC942}") = "Exercicio23", "Exercicio23\Exercicio23.vcxproj", "{98BA9E69-60EB-443F-894A-71CA5F76EC8E}"
EndProject
Project("{8BC9CEB8-8B4A-11D0-8D11-00A0C91BC942}") = "Exercicio24", "Exercicio24\Exercicio24.vcxproj", "{27409E75-0476-4911-86F5-601C251ADDE1}"
EndProject
Project("{8BC9CEB8-8B4A-11D0-8D11-00A0C91BC942}") = "Exercicio25", "Exercicio25\Exercicio25.vcxproj", "{0E13047B-CD68-4B03-8738-F3628872E429}"
EndProject
Project("{8BC9CEB8-8B4A-11D0-8D11-00A0C91BC942}") = "Exercicio26", "Exercicio26\Exercicio26.vcxproj", "{4E909AE9-6FBA-4AA0-957A-5E83FDCE41AA}"
EndProject
Project("{8BC9CEB8-8B4A-11D0-8D11-00A0C91BC942}") = "Exercicio27", "Exercicio27\Exercicio27.vcxproj", "{3D2C47D9-97D4-4179-8C18-3050DD26C1B0}"
EndProject
Project("{8BC9CEB8-8B4A-11D0-8D11-00A0C91BC942}") = "Exercicio28", "Exercicio28\Exercicio28.vcxproj", "{334025B2-8655-4416-8AC5-155BB2DEAEFF}"
EndProject
Project("{8BC9CEB8-8B4A-11D0-8D11-00A0C91BC942}") = "Exercicio29", "Exercicio29\Exercicio29.vcxproj", "{51576182-ACC5-426B-AE23-901BBE1BD0B9}"
EndProject
Project("{8BC9CEB8-8B4A-11D0-8D11-00A0C91BC942}") = "Exercicio30", "Exercicio30\Exercicio30.vcxproj", "{DC83377D-D8AC-4418-B22B-950C51AA4EEB}"
EndProject
Global
	GlobalSection(SolutionConfigurationPlatforms) = preSolution
		Debug|x64 = Debug|x64
		Debug|x86 = Debug|x86
		Release|x64 = Release|x64
		Release|x86 = Release|x86
	EndGlobalSection
	GlobalSection(ProjectConfigurationPlatforms) = postSolution
		{38BA4E8D-502C-4B0E-96CB-0C440E95E204}.Debug|x64.ActiveCfg = Debug|x64
		{38BA4E8D-502C-4B0E-96CB-0C440E95E204}.Debug|x64.Build.0 = Debug|x64
		{38BA4E8D-502C-4B0E-96CB-0C440E95E204}.Debug|x86.ActiveCfg = Debug|Win32
		{38BA4E8D-502C-4B0E-96CB-0C440E95E204}.Debug|x86.Build.0 = Debug|Win32
		{38BA4E8D-502C-4B0E-96CB-0C440E95E204}.Release|x64.ActiveCfg = Release|x64
		{38BA4E8D-502C-4B0E-96CB-0C440E95E204}.Release|x64.Build.0 = Release|x64
		{38BA4E8D-502C-4B0E-96CB-0C440E95E204}.Release|x86.ActiveCfg = Release|Win32
		{38BA4E8D-502C-4B0E-96CB-0C440E95E204}.Release|x86.Build.0 = Release|Win32
		{6B9C5DBB-539B-4BE9-87B8-61BEFE58FE6B}.Debug|x64.ActiveCfg = Debug|x64
		{6B9C5DBB-539B-4BE9-87B8-61BEFE58FE6B}.Debug|x64.Build.0 = Debug|x64
		{6B9C5DBB-539B-4BE9-87B8-61BEFE58FE6B}.Debug|x86.ActiveCfg = Debug|Win32
		{6B9C5DBB-539B-4BE9-87B8-61BEFE58FE6B}.Debug|x86.Build.0 = Debug|Win32
		{6B9C5DBB-539B-4BE9-87B8-61BEFE58FE6B}.Release|x64.ActiveCfg = Release|x64
		{6B9C5DBB-539B-4BE9-87B8-61BEFE58FE6B}.Release|x64.Build.0 = Release|x64
		{6B9C5DBB-539B-4BE9-87B8-61BEFE58FE6B}.Release|x86.ActiveCfg = Release|Win32
		{6B9C5DBB-539B-4BE9-87B8-61BEFE58FE6B}.Release|x86.Build.0 = Release|Win32
		{80D39133-0A61-4A58-B6D2-B71362EB5ADF}.Debug|x64.ActiveCfg = Debug|x64
		{80D39133-0A61-4A58-B6D2-B71362EB5ADF}.Debug|x64.Build.0 = Debug|x64
		{80D39133-0A61-4A58-B6D2-B71362EB5ADF}.Debug|x86.ActiveCfg = Debug|Win32
		{80D39133-0A61-4A58-B6D2-B71362EB5ADF}.Debug|x86.Build.0 = Debug|Win32
		{80D39133-0A61-4A58-B6D2-B71362EB5ADF}.Release|x64.ActiveCfg = Release|x64
		{80D39133-0A61-4A58-B6D2-B71362EB5ADF}.Release|x64.Build.0 = Release|x64
		{80D39133-0A61-4A58-B6D2-B71362EB5ADF}.Release|x86.ActiveCfg = Release|Win32
		{80D39133-0A61-4A58-B6D2-B71362EB5ADF}.Release|x86.Build.0 = Release|Win32
		{EB02D2AF-3042-4C3E-8335-18477B453F19}.Debug|x64.ActiveCfg = Debug|x64
		{EB02D2AF-3042-4C3E-8335-18477B453F19}.Debug|x64.Build.0 = Debug|x64
		{EB02D2AF-3042-4C3E-8335-18477B453F19}.Debug|x86.ActiveCfg = Debug|Win32
		{EB02D2AF-3042-4C3E-8335-18477B453F19}.Debug|x86.Build.0 = Debug|Win32
		{EB02D2AF-3042-4C3E-8335-18477B453F19}.Release|x64.ActiveCfg = Release|x64
		{EB02D2AF-3042-4C3E-8335-18477B453F19}.Release|x64.Build.0 = Release|x64
		{EB02D2AF-3042-4C3E-8335-18477B453F19}.Release|x86.ActiveCfg = Release|Win32
		{EB02D2AF-3042-4C3E-8335-18477B453F19}.Release|x86.Build.0 = Release|Win32
		{862304EF-44B1-45E7-8ACA-4E3FC78B88FF}.Debug|x64.ActiveCfg = Debug|x64
		{862304EF-44B1-45E7-8ACA-4E3FC78B88FF}.Debug|x64.Build.0 = Debug|x64
		{862304EF-44B1-45E7-8ACA-4E3FC78B88FF}.Debug|x86.ActiveCfg = Debug|Win32
		{862304EF-44B1-45E7-8ACA-4E3FC78B88FF}.Debug|x86.Build.0 = Debug|Win32
		{862304EF-44B1-45E7-8ACA-4E3FC78B88FF}.Release|x64.ActiveCfg = Release|x64
		{862304EF-44B1-45E7-8ACA-4E3FC78B88FF}.Release|x64.Build.0 = Release|x64
		{862304EF-44B1-45E7-8ACA-4E3FC78B88FF}.Release|x86.ActiveCfg = Release|Win32
		{862304EF-44B1-45E7-8ACA-4E3FC78B88FF}.Release|x86.Build.0 = Release|Win32
		{09B77BDE-BAD8-4E2D-AADB-13DA08CB1141}.Debug|x64.ActiveCfg = Debug|x64
		{09B77BDE-BAD8-4E2D-AADB-13DA08CB1141}.Debug|x64.Build.0 = Debug|x64
		{09B77BDE-BAD8-4E2D-AADB-13DA08CB1141}.Debug|x86.ActiveCfg = Debug|Win32
		{09B77BDE-BAD8-4E2D-AADB-13DA08CB1141}.Debug|x86.Build.0 = Debug|Win32
		{09B77BDE-BAD8-4E2D-AADB-13DA08CB1141}.Release|x64.ActiveCfg = Release|x64
		{09B77BDE-BAD8-4E2D-AADB-13DA08CB1141}.Release|x64.Build.0 = Release|x64
		{09B77BDE-BAD8-4E2D-AADB-13DA08CB1141}.Release|x86.ActiveCfg = Release|Win32
		{09B77BDE-BAD8-4E2D-AADB-13DA08CB1141}.Release|x86.Build.0 = Release|Win32
		{44D729B1-4593-4F7D-B16D-38B0AB25DC22}.Debug|x64.ActiveCfg = Debug|x64
		{44D729B1-4593-4F7D-B16D-38B0AB25DC22}.Debug|x64.Build.0 = Debug|x64
		{44D729B1-4593-4F7D-B16D-38B0AB25DC22}.Debug|x86.ActiveCfg = Debug|Win32
		{44D729B1-4593-4F7D-B16D-38B0AB25DC22}.Debug|x86.Build.0 = Debug|Win32
		{44D729B1-4593-4F7D-B16D-38B0AB25DC22}.Release|x64.ActiveCfg = Release|x64
		{44D729B1-4593-4F7D-B16D-38B0AB25DC22}.Release|x64.Build.0 = Release|x64
		{44D729B1-4593-4F7D-B16D-38B0AB25DC22}.Release|x86.ActiveCfg = Release|Win32
		{44D729B1-4593-4F7D-B16D-38B0AB25DC22}.Release|x86.Build.0 = Release|Win32
		{5CF886AA-15B1-4FD5-9FF4-AE77AAA78EC6}.Debug|x64.ActiveCfg = Debug|x64
		{5CF886AA-15B1-4FD5-9FF4-AE77AAA78EC6}.Debug|x64.Build.0 = Debug|x64
		{5CF886AA-15B1-4FD5-9FF4-AE77AAA78EC6}.Debug|x86.ActiveCfg = Debug|Win32
		{5CF886AA-15B1-4FD5-9FF4-AE77AAA78EC6}.Debug|x86.Build.0 = Debug|Win32
		{5CF886AA-15B1-4FD5-9FF4-AE77AAA78EC6}.Release|x64.ActiveCfg = Release|x64
		{5CF886AA-15B1-4FD5-9FF4-AE77AAA78EC6}.Release|x64.Build.0 = Release|x64
		{5CF886AA-15B1-4FD5-9FF4-AE77AAA78EC6}.Release|x86.ActiveCfg = Release|Win32
		{5CF886AA-15B1-4FD5-9FF4-AE77AAA78EC6}.Release|x86.Build.0 = Release|Win32
		{1A913AF4-5357-4D34-B417-E4D8964F7DB8}.Debug|x64.ActiveCfg = Debug|x64
		{1A913AF4-5357-4D34-B417-E4D8964F7DB8}.Debug|x64.Build.0 = Debug|x64
		{1A913AF4-5357-4D34-B417-E4D8964F7DB8}.Debug|x86.ActiveCfg = Debug|Win32
		{1A913AF4-5357-4D34-B417-E4D8964F7DB8}.Debug|x86.Build.0 = Debug|Win32
		{1A913AF4-5357-4D34-B417-E4D8964F7DB8}.Release|x64.ActiveCfg = Release|x64
		{1A913AF4-5357-4D34-B417-E4D8964F7DB8}.Release|x64.Build.0 = Release|x64
		{1A913AF4-5357-4D34-B417-E4D8964F7DB8}.Release|x86.ActiveCfg = Release|Win32
		{1A913AF4-5357-4D34-B417-E4D8964F7DB8}.Release|x86.Build.0 = Release|Win32
		{1FA4B41E-A418-4657-A40A-5381667949AE}.Debug|x64.ActiveCfg = Debug|x64
		{1FA4B41E-A418-4657-A40A-5381667949AE}.Debug|x64.Build.0 = Debug|x64
		{1FA4B41E-A418-4657-A40A-5381667949AE}.Debug|x86.ActiveCfg = Debug|Win32
		{1FA4B41E-A418-4657-A40A-5381667949AE}.Debug|x86.Build.0 = Debug|Win32
		{1FA4B41E-A418-4657-A40A-5381667949AE}.Release|x64.ActiveCfg = Release|x64
		{1FA4B41E-A418-4657-A40A-5381667949AE}.Release|x64.Build.0 = Release|x64
		{1FA4B41E-A418-4657-A40A-5381667949AE}.Release|x86.ActiveCfg = Release|Win32
		{1FA4B41E-A418-4657-A40A-5381667949AE}.Release|x86.Build.0 = Release|Win32
		{AE9A6A0B-E4DE-4E9E-AD92-C07EB97B6C47}.Debug|x64.ActiveCfg = Debug|x64
		{AE9A6A0B-E4DE-4E9E-AD92-C07EB97B6C47}.Debug|x64.Build.0 = Debug|x64
		{AE9A6A0B-E4DE-4E9E-AD92-C07EB97B6C47}.Debug|x86.ActiveCfg = Debug|Win32
		{AE9A6A0B-E4DE-4E9E-AD92-C07EB97B6C47}.Debug|x86.Build.0 = Debug|Win32
		{AE9A6A0B-E4DE-4E9E-AD92-C07EB97B6C47}.Release|x64.ActiveCfg = Release|x64
		{AE9A6A0B-E4DE-4E9E-AD92-C07EB97B6C47}.Release|x64.Build.0 = Release|x64
		{AE9A6A0B-E4DE-4E9E-AD92-C07EB97B6C47}.Release|x86.ActiveCfg = Release|Win32
		{AE9A6A0B-E4DE-4E9E-AD92-C07EB97B6C47}.Release|x86.Build.0 = Release|Win32
		{4A9B01AF-58F3-44F8-99CF-EC6ADBA6619A}.Debug|x64.ActiveCfg = Debug|x64
		{4A9B01AF-58F3-44F8-99CF-EC6ADBA6619A}.Debug|x64.Build.0 = Debug|x64
		{4A9B01AF-58F3-44F8-99CF-EC6ADBA6619A}.Debug|x86.ActiveCfg = Debug|Win32
		{4A9B01AF-58F3-44F8-99CF-EC6ADBA6619A}.Debug|x86.Build.0 = Debug|Win32
		{4A9B01AF-58F3-44F8-99CF-EC6ADBA6619A}.Release|x64.ActiveCfg = Release|x64
		{4A9B01AF-58F3-44F8-99CF-EC6ADBA6619A}.Release|x64.Build.0 = Release|x64
		{4A9B01AF-58F3-44F8-99CF-EC6ADBA6619A}.Release|x86.ActiveCfg = Release|Win32
		{4A9B01AF-58F3-44F8-99CF-EC6ADBA6619A}.Release|x86.Build.0 = Release|Win32
		{E2E09916-EAAF-40B0-B61E-B0BB7B08DB7B}.Debug|x64.ActiveCfg = Debug|x64
		{E2E09916-EAAF-40B0-B61E-B0BB7B08DB7B}.Debug|x64.Build.0 = Debug|x64
		{E2E09916-EAAF-40B0-B61E-B0BB7B08DB7B}.Debug|x86.ActiveCfg = Debug|Win32
		{E2E09916-EAAF-40B0-B61E-B0BB7B08DB7B}.Debug|x86.Build.0 = Debug|Win32
		{E2E09916-EAAF-40B0-B61E-B0BB7B08DB7B}.Release|x64.ActiveCfg = Release|x64
		{E2E09916-EAAF-40B0-B61E-B0BB7B08DB7B}.Release|x64.Build.0 = Release|x64
		{E2E09916-EAAF-40B0-B61E-B0BB7B08DB7B}.Release|x86.ActiveCfg = Release|Win32
		{E2E09916-EAAF-40B0-B61E-B0BB7B08DB7B}.Release|x86.Build.0 = Release|Win32
		{ECCF5FD1-CC87-4467-AC42-98745739D595}.Debug|x64.ActiveCfg = Debug|x64
		{ECCF5FD1-CC87-4467-AC42-98745739D595}.Debug|x64.Build.0 = Debug|x64
		{ECCF5FD1-CC87-4467-AC42-98745739D595}.Debug|x86.ActiveCfg = Debug|Win32
		{ECCF5FD1-CC87-4467-AC42-98745739D595}.Debug|x86.Build.0 = Debug|Win32
		{ECCF5FD1-CC87-4467-AC42-98745739D595}.Release|x64.ActiveCfg = Release|x64
		{ECCF5FD1-CC87-4467-AC42-98745739D595}.Release|x64.Build.0 = Release|x64
		{ECCF5FD1-CC87-4467-AC42-98745739D595}.Release|x86.ActiveCfg = Release|Win32
		{ECCF5FD1-CC87-4467-AC42-98745739D595}.Release|x86.Build.0 = Release|Win32
		{264DC230-A7C4-481B-8F49-77C5BB81280A}.Debug|x64.ActiveCfg = Debug|x64
		{264DC230-A7C4-481B-8F49-77C5BB81280A}.Debug|x64.Build.0 = Debug|x64
		{264DC230-A7C4-481B-8F49-77C5BB81280A}.Debug|x86.ActiveCfg = Debug|Win32
		{264DC230-A7C4-481B-8F49-77C5BB81280A}.Debug|x86.Build.0 = Debug|Win32
		{264DC230-A7C4-481B-8F49-77C5BB81280A}.Release|x64.ActiveCfg = Release|x64
		{264DC230-A7C4-481B-8F49-77C5BB81280A}.Release|x64.Build.0 = Release|x64
		{264DC230-A7C4-481B-8F49-77C5BB81280A}.Release|x86.ActiveCfg = Release|Win32
		{264DC230-A7C4-481B-8F49-77C5BB81280A}.Release|x86.Build.0 = Release|Win32
		{D6ECD2D9-C084-40C8-B21D-36C3A4957AE1}.Debug|x64.ActiveCfg = Debug|x64
		{D6ECD2D9-C084-40C8-B21D-36C3A4957AE1}.Debug|x64.Build.0 = Debug|x64
		{D6ECD2D9-C084-40C8-B21D-36C3A4957AE1}.Debug|x86.ActiveCfg = Debug|Win32
		{D6ECD2D9-C084-40C8-B21D-36C3A4957AE1}.Debug|x86.Build.0 = Debug|Win32
		{D6ECD2D9-C084-40C8-B21D-36C3A4957AE1}.Release|x64.ActiveCfg = Release|x64
		{D6ECD2D9-C084-40C8-B21D-36C3A4957AE1}.Release|x64.Build.0 = Release|x64
		{D6ECD2D9-C084-40C8-B21D-36C3A4957AE1}.Release|x86.ActiveCfg = Release|Win32
		{D6ECD2D9-C084-40C8-B21D-36C3A4957AE1}.Release|x86.Build.0 = Release|Win32
		{2C3BB204-CC13-44E5-9977-19D9952A659A}.Debug|x64.ActiveCfg = Debug|x64
		{2C3BB204-CC13-44E5-9977-19D9952A659A}.Debug|x64.Build.0 = Debug|x64
		{2C3BB204-CC13-44E5-9977-19D9952A659A}.Debug|x86.ActiveCfg = Debug|Win32
		{2C3BB204-CC13-44E5-9977-19D9952A659A}.Debug|x86.Build.0 = Debug|Win32
		{2C3BB204-CC13-44E5-9977-19D9952A659A}.Release|x64.ActiveCfg = Release|x64
		{2C3BB204-CC13-44E5-9977-19D9952A659A}.Release|x64.Build.0 = Release|x64
		{2C3BB204-CC13-44E5-9977-19D9952A659A}.Release|x86.ActiveCfg = Release|Win32
		{2C3BB204-CC13-44E5-9977-19D9952A659A}.Release|x86.Build.0 = Release|Win32
		{32E5278F-D6C4-45AA-971D-98C72D2B7A48}.Debug|x64.ActiveCfg = Debug|x64
		{32E5278F-D6C4-45AA-971D-98C72D2B7A48}.Debug|x64.Build.0 = Debug|x64
		{32E5278F-D6C4-45AA-971D-98C72D2B7A48}.Debug|x86.ActiveCfg = Debug|Win32
		{32E5278F-D6C4-45AA-971D-98C72D2B7A48}.Debug|x86.Build.0 = Debug|Win32
		{32E5278F-D6C4-45AA-971D-98C72D2B7A48}.Release|x64.ActiveCfg = Release|x64
		{32E5278F-D6C4-45AA-971D-98C72D2B7A48}.Release|x64.Build.0 = Release|x64
		{32E5278F-D6C4-45AA-971D-98C72D2B7A48}.Release|x86.ActiveCfg = Release|Win32
		{32E5278F-D6C4-45AA-971D-98C72D2B7A48}.Release|x86.Build.0 = Release|Win32
		{7A29A631-7CA7-4BD7-B9D3-8928C56D21A9}.Debug|x64.ActiveCfg = Debug|x64
		{7A29A631-7CA7-4BD7-B9D3-8928C56D21A9}.Debug|x64.Build.0 = Debug|x64
		{7A29A631-7CA7-4BD7-B9D3-8928C56D21A9}.Debug|x86.ActiveCfg = Debug|Win32
		{7A29A631-7CA7-4BD7-B9D3-8928C56D21A9}.Debug|x86.Build.0 = Debug|Win32
		{7A29A631-7CA7-4BD7-B9D3-8928C56D21A9}.Release|x64.ActiveCfg = Release|x64
		{7A29A631-7CA7-4BD7-B9D3-8928C56D21A9}.Release|x64.Build.0 = Release|x64
		{7A29A631-7CA7-4BD7-B9D3-8928C56D21A9}.Release|x86.ActiveCfg = Release|Win32
		{7A29A631-7CA7-4BD7-B9D3-8928C56D21A9}.Release|x86.Build.0 = Release|Win32
		{CD46BD7E-09B2-4889-A8C7-C1DD128EFD28}.Debug|x64.ActiveCfg = Debug|x64
		{CD46BD7E-09B2-4889-A8C7-C1DD128EFD28}.Debug|x64.Build.0 = Debug|x64
		{CD46BD7E-09B2-4889-A8C7-C1DD128EFD28}.Debug|x86.ActiveCfg = Debug|Win32
		{CD46BD7E-09B2-4889-A8C7-C1DD128EFD28}.Debug|x86.Build.0 = Debug|Win32
		{CD46BD7E-09B2-4889-A8C7-C1DD128EFD28}.Release|x64.ActiveCfg = Release|x64
		{CD46BD7E-09B2-4889-A8C7-C1DD128EFD28}.Release|x64.Build.0 = Release|x64
		{CD46BD7E-09B2-4889-A8C7-C1DD128EFD28}.Release|x86.ActiveCfg = Release|Win32
		{CD46BD7E-09B2-4889-A8C7-C1DD128EFD28}.Release|x86.Build.0 = Release|Win32
		{A13576EA-00E7-4C53-81EB-4D94532BFAB7}.Debug|x64.ActiveCfg = Debug|x64
		{A13576EA-00E7-4C53-81EB-4D94532BFAB7}.Debug|x64.Build.0 = Debug|x64
		{A13576EA-00E7-4C53-81EB-4D94532BFAB7}.Debug|x86.ActiveCfg = Debug|Win32
		{A13576EA-00E7-4C53-81EB-4D94532BFAB7}.Debug|x86.Build.0 = Debug|Win32
		{A13576EA-00E7-4C53-81EB-4D94532BFAB7}.Release|x64.ActiveCfg = Release|x64
		{A13576EA-00E7-4C53-81EB-4D94532BFAB7}.Release|x64.Build.0 = Release|x64
		{A13576EA-00E7-4C53-81EB-4D94532BFAB7}.Release|x86.ActiveCfg = Release|Win32
		{A13576EA-00E7-4C53-81EB-4D94532BFAB7}.Release|x86.Build.0 = Release|Win32
		{98BA9E69-60EB-443F-894A-71CA5F76EC8E}.Debug|x64.ActiveCfg = Debug|x64
		{98BA9E69-60EB-443F-894A-71CA5F76EC8E}.Debug|x64.Build.0 = Debug|x64
		{98BA9E69-60EB-443F-894A-71CA5F76EC8E}.Debug|x86.ActiveCfg = Debug|Win32
		{98BA9E69-60EB-443F-894A-71CA5F76EC8E}.Debug|x86.Build.0 = Debug|Win32
		{98BA9E69-60EB-443F-894A-71CA5F76EC8E}.Release|x64.ActiveCfg = Release|x64
		{98BA9E69-60EB-443F-894A-71CA5F76EC8E}.Release|x64.Build.0 = Release|x64
		{98BA9E69-60EB-443F-894A-71CA5F76EC8E}.Release|x86.ActiveCfg = Release|Win32
		{98BA9E69-60EB-443F-894A-71CA5F76EC8E}.Release|x86.Build.0 = Release|Win32
		{27409E75-0476-4911-86F5-601C251ADDE1}.Debug|x64.ActiveCfg = Debug|x64
		{27409E75-0476-4911-86F5-601C251ADDE1}.Debug|x64.Build.0 = Debug|x64
		{27409E75-0476-4911-86F5-601C251ADDE1}.Debug|x86.ActiveCfg = Debug|Win32
		{27409E75-0476-4911-86F5-601C251ADDE1}.Debug|x86.Build.0 = Debug|Win32
		{27409E75-0476-4911-86F5-601C251ADDE1}.Release|x64.ActiveCfg = Release|x64
		{27409E75-0476-4911-86F5-601C251ADDE1}.Release|x64.Build.0 = Release|x64
		{27409E75-0476-4911-86F5-601C251ADDE1}.Release|x86.ActiveCfg = Release|Win32
		{27409E75-0476-4911-86F5-601C251ADDE1}.Release|x86.Build.0 = Release|Win32
		{0E13047B-CD68-4B03-8738-F3628872E429}.Debug|x64.ActiveCfg = Debug|x64
		{0E13047B-CD68-4B03-8738-F3628872E429}.Debug|x64.Build.0 = Debug|x64
		{0E13047B-CD68-4B03-8738-F3628872E429}.Debug|x86.ActiveCfg = Debug|Win32
		{0E13047B-CD68-4B03-8738-F3628872E429}.Debug|x86.Build.0 = Debug|Win32
		{0E13047B-CD68-4B03-8738-F3628872E429}.Release|x64.ActiveCfg = Release|x64
		{0E13047B-CD68-4B03-8738-F3628872E429}.Release|x64.Build.0 = Release|x64
		{0E13047B-CD68-4B03-8738-F3628872E429}.Release|x86.ActiveCfg = Release|Win32
		{0E13047B-CD68-4B03-8738-F3628872E429}.Release|x86.Build.0 = Release|Win32
		{4E909AE9-6FBA-4AA0-957A-5E83FDCE41AA}.Debug|x64.ActiveCfg = Debug|x64
		{4E909AE9-6FBA-4AA0-957A-5E83FDCE41AA}.Debug|x64.Build.0 = Debug|x64
		{4E909AE9-6FBA-4AA0-957A-5E83FDCE41AA}.Debug|x86.ActiveCfg = Debug|Win32
		{4E909AE9-6FBA-4AA0-957A-5E83FDCE41AA}.Debug|x86.Build.0 = Debug|Win32
		{4E909AE9-6FBA-4AA0-957A-5E83FDCE41AA}.Release|x64.ActiveCfg = Release|x64
		{4E909AE9-6FBA-4AA0-957A-5E83FDCE41AA}.Release|x64.Build.0 = Release|x64
		{4E909AE9-6FBA-4AA0-957A-5E83FDCE41AA}.Release|x86.ActiveCfg = Release|Win32
		{4E909AE9-6FBA-4AA0-957A-5E83FDCE41AA}.Release|x86.Build.0 = Release|Win32
		{3D2C47D9-97D4-4179-8C18-3050DD26C1B0}.Debug|x64.ActiveCfg = Debug|x64
		{3D2C47D9-97D4-4179-8C18-3050DD26C1B0}.Debug|x64.Build.0 = Debug|x64
		{3D2C47D9-97D4-4179-8C18-3050DD26C1B0}.Debug|x86.ActiveCfg = Debug|Win32
		{3D2C47D9-97D4-4179-8C18-3050DD26C1B0}.Debug|x86.Build.0 = Debug|Win32
		{3D2C47D9-97D4-4179-8C18-3050DD26C1B0}.Release|x64.ActiveCfg = Release|x64
		{3D2C47D9-97D4-4179-8C18-3050DD26C1B0}.Release|x64.Build.0 = Release|x64
		{3D2C47D9-97D4-4179-8C18-3050DD26C1B0}.Release|x86.ActiveCfg = Release|Win32
		{3D2C47D9-97D4-4179-8C18-3050DD26C1B0}.Release|x86.Build.0 = Release|Win32
		{334025B2-8655-4416-8AC5-155BB2DEAEFF}.Debug|x64.ActiveCfg = Debug|x64
		{334025B2-8655-4416-8AC5-155BB2DEAEFF}.Debug|x64.Build.0 = Debug|x64
		{334025B2-8655-4416-8AC5-155BB2DEAEFF}.Debug|x86.ActiveCfg = Debug|Win32
		{334025B2-8655-4416-8AC5-155BB2DEAEFF}.Debug|x86.Build.0 = Debug|Win32
		{334025B2-8655-4416-8AC5-155BB2DEAEFF}.Release|x64.ActiveCfg = Release|x64
		{334025B2-8655-4416-8AC5-155BB2DEAEFF}.Release|x64.Build.0 = Release|x64
		{334025B2-8655-4416-8AC5-155BB2DEAEFF}.Release|x86.ActiveCfg = Release|Win32
		{334025B2-8655-4416-8AC5-155BB2DEAEFF}.Release|x86.Build.0 = Release|Win32
		{51576182-ACC5-426B-AE23-901BBE1BD0B9}.Debug|x64.ActiveCfg = Debug|x64
		{51576182-ACC5-426B-AE23-901BBE1BD0B9}.Debug|x64.Build.0 = Debug|x64
		{51576182-ACC5-426B-AE23-901BBE1BD0B9}.Debug|x86.ActiveCfg = Debug|Win32
		{51576182-ACC5-426B-AE23-901BBE1BD0B9}.Debug|x86.Build.0 = Debug|Win32
		{51576182-ACC5-426B-AE23-901BBE1BD0B9}.Release|x64.ActiveCfg = Release|x64
		{51576182-ACC5-426B-AE23-901BBE1BD0B9}.Release|x64.Build.0 = Release|x64
		{51576182-ACC5-426B-AE23-901BBE1BD0B9}.Release|x86.ActiveCfg = Release|Win32
		{51576182-ACC5-426B-AE23-901BBE1BD0B9}.Release|x86.Build.0 = Release|Win32
		{DC83377D-D8AC-4418-B22B-950C51AA4EEB}.Debug|x64.ActiveCfg = Debug|x64
		{DC83377D-D8AC-4418-B22B-950C51AA4EEB}.Debug|x64.Build.0 = Debug|x64
		{DC83377D-D8AC-4418-B22B-950C51AA4EEB}.Debug|x86.ActiveCfg = Debug|Win32
		{DC83377D-D8AC-4418-B22B-950C51AA4EEB}.Debug|x86.Build.0 = Debug|Win32
		{DC83377D-D8AC-4418-B22B-950C51AA4EEB}.Release|x64.ActiveCfg = Release|x64
		{DC83377D-D8AC-4418-B22B-950C51AA4EEB}.Release|x64.Build.0 = Release|x64
		{DC83377D-D8AC-4418-B22B-950C51AA4EEB}.Release|x86.ActiveCfg = Release|Win32
		{DC83377D-D8AC-4418-B22B-950C51AA4EEB}.Release|x86.Build.0 = Release|Win32
	EndGlobalSection
	GlobalSection(SolutionProperties) = preSolution
		HideSolutionNode = FALSE
	EndGlobalSection
	GlobalSection(ExtensibilityGlobals) = postSolution
		SolutionGuid = {6A6DB9B6-8F88-4A95-ACD7-61C54EE326EA}
	EndGlobalSection
EndGlobal
